// !$*UTF8*$!
{
	archiveVersion = 1;
	classes = {
	};
	objectVersion = 50;
	objects = {

/* Begin PBXBuildFile section */
		594DDDD224B0CC78004894CC /* AppDelegate.swift in Sources */ = {isa = PBXBuildFile; fileRef = 594DDDD124B0CC78004894CC /* AppDelegate.swift */; };
		594DDDD424B0CC78004894CC /* SceneDelegate.swift in Sources */ = {isa = PBXBuildFile; fileRef = 594DDDD324B0CC78004894CC /* SceneDelegate.swift */; };
		594DDDD624B0CC78004894CC /* ComicListView.swift in Sources */ = {isa = PBXBuildFile; fileRef = 594DDDD524B0CC78004894CC /* ComicListView.swift */; };
		594DDDD824B0CC7A004894CC /* Assets.xcassets in Resources */ = {isa = PBXBuildFile; fileRef = 594DDDD724B0CC7A004894CC /* Assets.xcassets */; };
		594DDDDE24B0CC7A004894CC /* LaunchScreen.storyboard in Resources */ = {isa = PBXBuildFile; fileRef = 594DDDDC24B0CC7A004894CC /* LaunchScreen.storyboard */; };
		5978861B24B0D2C700FE9AF3 /* Comic.swift in Sources */ = {isa = PBXBuildFile; fileRef = 5978861A24B0D2C700FE9AF3 /* Comic.swift */; };
		5978861E24B0D35300FE9AF3 /* Network.swift in Sources */ = {isa = PBXBuildFile; fileRef = 5978861D24B0D35300FE9AF3 /* Network.swift */; };
		5978862024B0D84500FE9AF3 /* ComicListViewModel.swift in Sources */ = {isa = PBXBuildFile; fileRef = 5978861F24B0D84500FE9AF3 /* ComicListViewModel.swift */; };
		5978864724B0DC6400FE9AF3 /* Preview Assets.xcassets in Resources */ = {isa = PBXBuildFile; fileRef = 5978864624B0DC6400FE9AF3 /* Preview Assets.xcassets */; };
		5978864B24B0FDDF00FE9AF3 /* CollectionView.swift in Sources */ = {isa = PBXBuildFile; fileRef = 5978864A24B0FDDF00FE9AF3 /* CollectionView.swift */; };
		5978864E24B12D5900FE9AF3 /* DataProvider.swift in Sources */ = {isa = PBXBuildFile; fileRef = 5978864D24B12D5900FE9AF3 /* DataProvider.swift */; };
		5978865024B1DBA100FE9AF3 /* DataRequestInfo.swift in Sources */ = {isa = PBXBuildFile; fileRef = 5978864F24B1DBA100FE9AF3 /* DataRequestInfo.swift */; };
		5978865324B1DFA600FE9AF3 /* AsyncImage.swift in Sources */ = {isa = PBXBuildFile; fileRef = 5978865224B1DFA600FE9AF3 /* AsyncImage.swift */; };
		5978865624B1E20C00FE9AF3 /* ImageLoader.swift in Sources */ = {isa = PBXBuildFile; fileRef = 5978865524B1E20C00FE9AF3 /* ImageLoader.swift */; };
		5978865824B1EEAC00FE9AF3 /* View+Erase.swift in Sources */ = {isa = PBXBuildFile; fileRef = 5978865724B1EEAC00FE9AF3 /* View+Erase.swift */; };
		5978865A24B1F7E200FE9AF3 /* ComicView.swift in Sources */ = {isa = PBXBuildFile; fileRef = 5978865924B1F7E200FE9AF3 /* ComicView.swift */; };
/* End PBXBuildFile section */

/* Begin PBXFileReference section */
		594DDDCE24B0CC78004894CC /* xKcd.app */ = {isa = PBXFileReference; explicitFileType = wrapper.application; includeInIndex = 0; path = xKcd.app; sourceTree = BUILT_PRODUCTS_DIR; };
		594DDDD124B0CC78004894CC /* AppDelegate.swift */ = {isa = PBXFileReference; lastKnownFileType = sourcecode.swift; path = AppDelegate.swift; sourceTree = "<group>"; };
		594DDDD324B0CC78004894CC /* SceneDelegate.swift */ = {isa = PBXFileReference; lastKnownFileType = sourcecode.swift; path = SceneDelegate.swift; sourceTree = "<group>"; };
		594DDDD524B0CC78004894CC /* ComicListView.swift */ = {isa = PBXFileReference; lastKnownFileType = sourcecode.swift; path = ComicListView.swift; sourceTree = "<group>"; };
		594DDDD724B0CC7A004894CC /* Assets.xcassets */ = {isa = PBXFileReference; lastKnownFileType = folder.assetcatalog; path = Assets.xcassets; sourceTree = "<group>"; };
		594DDDDD24B0CC7A004894CC /* Base */ = {isa = PBXFileReference; lastKnownFileType = file.storyboard; name = Base; path = Base.lproj/LaunchScreen.storyboard; sourceTree = "<group>"; };
		594DDDDF24B0CC7A004894CC /* Info.plist */ = {isa = PBXFileReference; lastKnownFileType = text.plist.xml; name = Info.plist; path = xKcd/Info.plist; sourceTree = "<group>"; };
		5978861A24B0D2C700FE9AF3 /* Comic.swift */ = {isa = PBXFileReference; lastKnownFileType = sourcecode.swift; path = Comic.swift; sourceTree = "<group>"; };
		5978861D24B0D35300FE9AF3 /* Network.swift */ = {isa = PBXFileReference; lastKnownFileType = sourcecode.swift; path = Network.swift; sourceTree = "<group>"; };
		5978861F24B0D84500FE9AF3 /* ComicListViewModel.swift */ = {isa = PBXFileReference; lastKnownFileType = sourcecode.swift; path = ComicListViewModel.swift; sourceTree = "<group>"; };
		5978864624B0DC6400FE9AF3 /* Preview Assets.xcassets */ = {isa = PBXFileReference; lastKnownFileType = folder.assetcatalog; path = "Preview Assets.xcassets"; sourceTree = "<group>"; };
		5978864A24B0FDDF00FE9AF3 /* CollectionView.swift */ = {isa = PBXFileReference; lastKnownFileType = sourcecode.swift; path = CollectionView.swift; sourceTree = "<group>"; };
		5978864D24B12D5900FE9AF3 /* DataProvider.swift */ = {isa = PBXFileReference; lastKnownFileType = sourcecode.swift; path = DataProvider.swift; sourceTree = "<group>"; };
		5978864F24B1DBA100FE9AF3 /* DataRequestInfo.swift */ = {isa = PBXFileReference; lastKnownFileType = sourcecode.swift; path = DataRequestInfo.swift; sourceTree = "<group>"; };
		5978865224B1DFA600FE9AF3 /* AsyncImage.swift */ = {isa = PBXFileReference; lastKnownFileType = sourcecode.swift; path = AsyncImage.swift; sourceTree = "<group>"; };
		5978865524B1E20C00FE9AF3 /* ImageLoader.swift */ = {isa = PBXFileReference; lastKnownFileType = sourcecode.swift; path = ImageLoader.swift; sourceTree = "<group>"; };
		5978865724B1EEAC00FE9AF3 /* View+Erase.swift */ = {isa = PBXFileReference; lastKnownFileType = sourcecode.swift; path = "View+Erase.swift"; sourceTree = "<group>"; };
		5978865924B1F7E200FE9AF3 /* ComicView.swift */ = {isa = PBXFileReference; lastKnownFileType = sourcecode.swift; path = ComicView.swift; sourceTree = "<group>"; };
/* End PBXFileReference section */

/* Begin PBXFrameworksBuildPhase section */
		594DDDCB24B0CC78004894CC /* Frameworks */ = {
			isa = PBXFrameworksBuildPhase;
			buildActionMask = 2147483647;
			files = (
			);
			runOnlyForDeploymentPostprocessing = 0;
		};
/* End PBXFrameworksBuildPhase section */

/* Begin PBXGroup section */
		594DDDC524B0CC78004894CC = {
			isa = PBXGroup;
			children = (
				594DDDD024B0CC78004894CC /* xKcd */,
				594DDDD124B0CC78004894CC /* AppDelegate.swift */,
				594DDDD324B0CC78004894CC /* SceneDelegate.swift */,
				594DDDD724B0CC7A004894CC /* Assets.xcassets */,
				594DDDDC24B0CC7A004894CC /* LaunchScreen.storyboard */,
				594DDDDF24B0CC7A004894CC /* Info.plist */,
				594DDDCF24B0CC78004894CC /* Products */,
			);
			sourceTree = "<group>";
		};
		594DDDCF24B0CC78004894CC /* Products */ = {
			isa = PBXGroup;
			children = (
				594DDDCE24B0CC78004894CC /* xKcd.app */,
			);
			name = Products;
			sourceTree = "<group>";
		};
		594DDDD024B0CC78004894CC /* xKcd */ = {
			isa = PBXGroup;
			children = (
				5978864C24B12D4600FE9AF3 /* DataProvider */,
				5978861924B0D20100FE9AF3 /* Model */,
				5978865B24B1FEA900FE9AF3 /* UI */,
				5978864524B0DC6400FE9AF3 /* Preview Content */,
			);
			path = xKcd;
			sourceTree = "<group>";
		};
		5978861924B0D20100FE9AF3 /* Model */ = {
			isa = PBXGroup;
			children = (
				5978861A24B0D2C700FE9AF3 /* Comic.swift */,
			);
			path = Model;
			sourceTree = "<group>";
		};
		5978861C24B0D31F00FE9AF3 /* Network */ = {
			isa = PBXGroup;
			children = (
				5978861D24B0D35300FE9AF3 /* Network.swift */,
			);
			path = Network;
			sourceTree = "<group>";
		};
		5978864524B0DC6400FE9AF3 /* Preview Content */ = {
			isa = PBXGroup;
			children = (
				5978864624B0DC6400FE9AF3 /* Preview Assets.xcassets */,
			);
			path = "Preview Content";
			sourceTree = "<group>";
		};
		5978864C24B12D4600FE9AF3 /* DataProvider */ = {
			isa = PBXGroup;
			children = (
				5978864D24B12D5900FE9AF3 /* DataProvider.swift */,
				5978864F24B1DBA100FE9AF3 /* DataRequestInfo.swift */,
				5978861C24B0D31F00FE9AF3 /* Network */,
			);
			path = DataProvider;
			sourceTree = "<group>";
		};
		5978865124B1DF8900FE9AF3 /* SwiftUI */ = {
			isa = PBXGroup;
			children = (
				5978864A24B0FDDF00FE9AF3 /* CollectionView.swift */,
				5978865424B1E1F800FE9AF3 /* AsyncImage */,
				5978865724B1EEAC00FE9AF3 /* View+Erase.swift */,
			);
			path = SwiftUI;
			sourceTree = "<group>";
		};
		5978865424B1E1F800FE9AF3 /* AsyncImage */ = {
			isa = PBXGroup;
			children = (
				5978865224B1DFA600FE9AF3 /* AsyncImage.swift */,
				5978865524B1E20C00FE9AF3 /* ImageLoader.swift */,
			);
			path = AsyncImage;
			sourceTree = "<group>";
		};
		5978865B24B1FEA900FE9AF3 /* UI */ = {
			isa = PBXGroup;
			children = (
				5978865124B1DF8900FE9AF3 /* SwiftUI */,
				5978861F24B0D84500FE9AF3 /* ComicListViewModel.swift */,
				594DDDD524B0CC78004894CC /* ComicListView.swift */,
				5978865924B1F7E200FE9AF3 /* ComicView.swift */,
			);
			path = UI;
			sourceTree = "<group>";
		};
/* End PBXGroup section */

/* Begin PBXNativeTarget section */
		594DDDCD24B0CC78004894CC /* xKcd */ = {
			isa = PBXNativeTarget;
			buildConfigurationList = 594DDDE224B0CC7A004894CC /* Build configuration list for PBXNativeTarget "xKcd" */;
			buildPhases = (
				594DDDCA24B0CC78004894CC /* Sources */,
				594DDDCB24B0CC78004894CC /* Frameworks */,
				594DDDCC24B0CC78004894CC /* Resources */,
			);
			buildRules = (
			);
			dependencies = (
			);
			name = xKcd;
			productName = xKcd;
			productReference = 594DDDCE24B0CC78004894CC /* xKcd.app */;
			productType = "com.apple.product-type.application";
		};
/* End PBXNativeTarget section */

/* Begin PBXProject section */
		594DDDC624B0CC78004894CC /* Project object */ = {
			isa = PBXProject;
			attributes = {
				LastSwiftUpdateCheck = 1150;
				LastUpgradeCheck = 1150;
				ORGANIZATIONNAME = kuluum;
				TargetAttributes = {
					594DDDCD24B0CC78004894CC = {
						CreatedOnToolsVersion = 11.5;
					};
				};
			};
			buildConfigurationList = 594DDDC924B0CC78004894CC /* Build configuration list for PBXProject "xKcd" */;
			compatibilityVersion = "Xcode 9.3";
			developmentRegion = en;
			hasScannedForEncodings = 0;
			knownRegions = (
				en,
				Base,
			);
			mainGroup = 594DDDC524B0CC78004894CC;
			productRefGroup = 594DDDCF24B0CC78004894CC /* Products */;
			projectDirPath = "";
			projectRoot = "";
			targets = (
				594DDDCD24B0CC78004894CC /* xKcd */,
			);
		};
/* End PBXProject section */

/* Begin PBXResourcesBuildPhase section */
		594DDDCC24B0CC78004894CC /* Resources */ = {
			isa = PBXResourcesBuildPhase;
			buildActionMask = 2147483647;
			files = (
				594DDDDE24B0CC7A004894CC /* LaunchScreen.storyboard in Resources */,
				5978864724B0DC6400FE9AF3 /* Preview Assets.xcassets in Resources */,
				594DDDD824B0CC7A004894CC /* Assets.xcassets in Resources */,
			);
			runOnlyForDeploymentPostprocessing = 0;
		};
/* End PBXResourcesBuildPhase section */

/* Begin PBXSourcesBuildPhase section */
		594DDDCA24B0CC78004894CC /* Sources */ = {
			isa = PBXSourcesBuildPhase;
			buildActionMask = 2147483647;
			files = (
				5978865324B1DFA600FE9AF3 /* AsyncImage.swift in Sources */,
				594DDDD224B0CC78004894CC /* AppDelegate.swift in Sources */,
				5978864B24B0FDDF00FE9AF3 /* CollectionView.swift in Sources */,
				5978862024B0D84500FE9AF3 /* ComicListViewModel.swift in Sources */,
				5978861E24B0D35300FE9AF3 /* Network.swift in Sources */,
				5978865624B1E20C00FE9AF3 /* ImageLoader.swift in Sources */,
				5978861B24B0D2C700FE9AF3 /* Comic.swift in Sources */,
				5978865A24B1F7E200FE9AF3 /* ComicView.swift in Sources */,
				5978864E24B12D5900FE9AF3 /* DataProvider.swift in Sources */,
				594DDDD424B0CC78004894CC /* SceneDelegate.swift in Sources */,
				5978865824B1EEAC00FE9AF3 /* View+Erase.swift in Sources */,
				594DDDD624B0CC78004894CC /* ComicListView.swift in Sources */,
				5978865024B1DBA100FE9AF3 /* DataRequestInfo.swift in Sources */,
			);
			runOnlyForDeploymentPostprocessing = 0;
		};
/* End PBXSourcesBuildPhase section */

/* Begin PBXVariantGroup section */
		594DDDDC24B0CC7A004894CC /* LaunchScreen.storyboard */ = {
			isa = PBXVariantGroup;
			children = (
				594DDDDD24B0CC7A004894CC /* Base */,
			);
			name = LaunchScreen.storyboard;
			sourceTree = "<group>";
		};
/* End PBXVariantGroup section */

/* Begin XCBuildConfiguration section */
		594DDDE024B0CC7A004894CC /* Debug */ = {
			isa = XCBuildConfiguration;
			buildSettings = {
				ALWAYS_SEARCH_USER_PATHS = NO;
				CLANG_ANALYZER_NONNULL = YES;
				CLANG_ANALYZER_NUMBER_OBJECT_CONVERSION = YES_AGGRESSIVE;
				CLANG_CXX_LANGUAGE_STANDARD = "gnu++14";
				CLANG_CXX_LIBRARY = "libc++";
				CLANG_ENABLE_MODULES = YES;
				CLANG_ENABLE_OBJC_ARC = YES;
				CLANG_ENABLE_OBJC_WEAK = YES;
				CLANG_WARN_BLOCK_CAPTURE_AUTORELEASING = YES;
				CLANG_WARN_BOOL_CONVERSION = YES;
				CLANG_WARN_COMMA = YES;
				CLANG_WARN_CONSTANT_CONVERSION = YES;
				CLANG_WARN_DEPRECATED_OBJC_IMPLEMENTATIONS = YES;
				CLANG_WARN_DIRECT_OBJC_ISA_USAGE = YES_ERROR;
				CLANG_WARN_DOCUMENTATION_COMMENTS = YES;
				CLANG_WARN_EMPTY_BODY = YES;
				CLANG_WARN_ENUM_CONVERSION = YES;
				CLANG_WARN_INFINITE_RECURSION = YES;
				CLANG_WARN_INT_CONVERSION = YES;
				CLANG_WARN_NON_LITERAL_NULL_CONVERSION = YES;
				CLANG_WARN_OBJC_IMPLICIT_RETAIN_SELF = YES;
				CLANG_WARN_OBJC_LITERAL_CONVERSION = YES;
				CLANG_WARN_OBJC_ROOT_CLASS = YES_ERROR;
				CLANG_WARN_RANGE_LOOP_ANALYSIS = YES;
				CLANG_WARN_STRICT_PROTOTYPES = YES;
				CLANG_WARN_SUSPICIOUS_MOVE = YES;
				CLANG_WARN_UNGUARDED_AVAILABILITY = YES_AGGRESSIVE;
				CLANG_WARN_UNREACHABLE_CODE = YES;
				CLANG_WARN__DUPLICATE_METHOD_MATCH = YES;
				COPY_PHASE_STRIP = NO;
				DEBUG_INFORMATION_FORMAT = dwarf;
				ENABLE_STRICT_OBJC_MSGSEND = YES;
				ENABLE_TESTABILITY = YES;
				GCC_C_LANGUAGE_STANDARD = gnu11;
				GCC_DYNAMIC_NO_PIC = NO;
				GCC_NO_COMMON_BLOCKS = YES;
				GCC_OPTIMIZATION_LEVEL = 0;
				GCC_PREPROCESSOR_DEFINITIONS = (
					"DEBUG=1",
					"$(inherited)",
				);
				GCC_WARN_64_TO_32_BIT_CONVERSION = YES;
				GCC_WARN_ABOUT_RETURN_TYPE = YES_ERROR;
				GCC_WARN_UNDECLARED_SELECTOR = YES;
				GCC_WARN_UNINITIALIZED_AUTOS = YES_AGGRESSIVE;
				GCC_WARN_UNUSED_FUNCTION = YES;
				GCC_WARN_UNUSED_VARIABLE = YES;
				IPHONEOS_DEPLOYMENT_TARGET = 13.5;
				MTL_ENABLE_DEBUG_INFO = INCLUDE_SOURCE;
				MTL_FAST_MATH = YES;
				ONLY_ACTIVE_ARCH = YES;
				SDKROOT = iphoneos;
				SWIFT_ACTIVE_COMPILATION_CONDITIONS = DEBUG;
				SWIFT_OPTIMIZATION_LEVEL = "-Onone";
			};
			name = Debug;
		};
		594DDDE124B0CC7A004894CC /* Release */ = {
			isa = XCBuildConfiguration;
			buildSettings = {
				ALWAYS_SEARCH_USER_PATHS = NO;
				CLANG_ANALYZER_NONNULL = YES;
				CLANG_ANALYZER_NUMBER_OBJECT_CONVERSION = YES_AGGRESSIVE;
				CLANG_CXX_LANGUAGE_STANDARD = "gnu++14";
				CLANG_CXX_LIBRARY = "libc++";
				CLANG_ENABLE_MODULES = YES;
				CLANG_ENABLE_OBJC_ARC = YES;
				CLANG_ENABLE_OBJC_WEAK = YES;
				CLANG_WARN_BLOCK_CAPTURE_AUTORELEASING = YES;
				CLANG_WARN_BOOL_CONVERSION = YES;
				CLANG_WARN_COMMA = YES;
				CLANG_WARN_CONSTANT_CONVERSION = YES;
				CLANG_WARN_DEPRECATED_OBJC_IMPLEMENTATIONS = YES;
				CLANG_WARN_DIRECT_OBJC_ISA_USAGE = YES_ERROR;
				CLANG_WARN_DOCUMENTATION_COMMENTS = YES;
				CLANG_WARN_EMPTY_BODY = YES;
				CLANG_WARN_ENUM_CONVERSION = YES;
				CLANG_WARN_INFINITE_RECURSION = YES;
				CLANG_WARN_INT_CONVERSION = YES;
				CLANG_WARN_NON_LITERAL_NULL_CONVERSION = YES;
				CLANG_WARN_OBJC_IMPLICIT_RETAIN_SELF = YES;
				CLANG_WARN_OBJC_LITERAL_CONVERSION = YES;
				CLANG_WARN_OBJC_ROOT_CLASS = YES_ERROR;
				CLANG_WARN_RANGE_LOOP_ANALYSIS = YES;
				CLANG_WARN_STRICT_PROTOTYPES = YES;
				CLANG_WARN_SUSPICIOUS_MOVE = YES;
				CLANG_WARN_UNGUARDED_AVAILABILITY = YES_AGGRESSIVE;
				CLANG_WARN_UNREACHABLE_CODE = YES;
				CLANG_WARN__DUPLICATE_METHOD_MATCH = YES;
				COPY_PHASE_STRIP = NO;
				DEBUG_INFORMATION_FORMAT = "dwarf-with-dsym";
				ENABLE_NS_ASSERTIONS = NO;
				ENABLE_STRICT_OBJC_MSGSEND = YES;
				GCC_C_LANGUAGE_STANDARD = gnu11;
				GCC_NO_COMMON_BLOCKS = YES;
				GCC_WARN_64_TO_32_BIT_CONVERSION = YES;
				GCC_WARN_ABOUT_RETURN_TYPE = YES_ERROR;
				GCC_WARN_UNDECLARED_SELECTOR = YES;
				GCC_WARN_UNINITIALIZED_AUTOS = YES_AGGRESSIVE;
				GCC_WARN_UNUSED_FUNCTION = YES;
				GCC_WARN_UNUSED_VARIABLE = YES;
				IPHONEOS_DEPLOYMENT_TARGET = 13.5;
				MTL_ENABLE_DEBUG_INFO = NO;
				MTL_FAST_MATH = YES;
				SDKROOT = iphoneos;
				SWIFT_COMPILATION_MODE = wholemodule;
				SWIFT_OPTIMIZATION_LEVEL = "-O";
				VALIDATE_PRODUCT = YES;
			};
			name = Release;
		};
		594DDDE324B0CC7A004894CC /* Debug */ = {
			isa = XCBuildConfiguration;
			buildSettings = {
				ASSETCATALOG_COMPILER_APPICON_NAME = AppIcon;
				CODE_SIGN_IDENTITY = "Apple Development";
				CODE_SIGN_STYLE = Automatic;
				DEVELOPMENT_ASSET_PATHS = "\"xKcd/Preview Content\"";
				DEVELOPMENT_TEAM = 38RZP7AN3K;
				ENABLE_PREVIEWS = YES;
				INFOPLIST_FILE = xKcd/Info.plist;
				IPHONEOS_DEPLOYMENT_TARGET = 13.0;
				LD_RUNPATH_SEARCH_PATHS = (
					"$(inherited)",
					"@executable_path/Frameworks",
				);
				PRODUCT_BUNDLE_IDENTIFIER = com.ikzen.xKcd;
				PRODUCT_NAME = "$(TARGET_NAME)";
				PROVISIONING_PROFILE_SPECIFIER = "";
				SWIFT_VERSION = 5.0;
				TARGETED_DEVICE_FAMILY = 1;
			};
			name = Debug;
		};
		594DDDE424B0CC7A004894CC /* Release */ = {
			isa = XCBuildConfiguration;
			buildSettings = {
				ASSETCATALOG_COMPILER_APPICON_NAME = AppIcon;
				CODE_SIGN_IDENTITY = "Apple Development";
				CODE_SIGN_STYLE = Automatic;
				DEVELOPMENT_ASSET_PATHS = "\"xKcd/Preview Content\"";
				DEVELOPMENT_TEAM = 38RZP7AN3K;
				ENABLE_PREVIEWS = YES;
				INFOPLIST_FILE = xKcd/Info.plist;
				IPHONEOS_DEPLOYMENT_TARGET = 13.0;
				LD_RUNPATH_SEARCH_PATHS = (
					"$(inherited)",
					"@executable_path/Frameworks",
				);
				PRODUCT_BUNDLE_IDENTIFIER = com.ikzen.xKcd;
				PRODUCT_NAME = "$(TARGET_NAME)";
				PROVISIONING_PROFILE_SPECIFIER = "";
				SWIFT_VERSION = 5.0;
				TARGETED_DEVICE_FAMILY = 1;
			};
			name = Release;
		};
/* End XCBuildConfiguration section */

/* Begin XCConfigurationList section */
		594DDDC924B0CC78004894CC /* Build configuration list for PBXProject "xKcd" */ = {
			isa = XCConfigurationList;
			buildConfigurations = (
				594DDDE024B0CC7A004894CC /* Debug */,
				594DDDE124B0CC7A004894CC /* Release */,
			);
			defaultConfigurationIsVisible = 0;
			defaultConfigurationName = Release;
		};
		594DDDE224B0CC7A004894CC /* Build configuration list for PBXNativeTarget "xKcd" */ = {
			isa = XCConfigurationList;
			buildConfigurations = (
				594DDDE324B0CC7A004894CC /* Debug */,
				594DDDE424B0CC7A004894CC /* Release */,
			);
			defaultConfigurationIsVisible = 0;
			defaultConfigurationName = Release;
		};
/* End XCConfigurationList section */
	};
	rootObject = 594DDDC624B0CC78004894CC /* Project object */;
}
